
Microsoft Visual Studio Solution File, Format Version 12.00
# Visual Studio Version 17
VisualStudioVersion = 17.9.34607.119
MinimumVisualStudioVersion = 10.0.40219.1
Project("{9A19103F-16F7-4668-BE54-9A1E7A4F7556}") = "TunaPiano", "TunaPiano.csproj", "{135EC7AB-C230-48F8-82FA-A99B8339F887}"
EndProject
Global
	GlobalSection(SolutionConfigurationPlatforms) = preSolution
		Debug|Any CPU = Debug|Any CPU
		Release|Any CPU = Release|Any CPU
	EndGlobalSection
	GlobalSection(ProjectConfigurationPlatforms) = postSolution
		{135EC7AB-C230-48F8-82FA-A99B8339F887}.Debug|Any CPU.ActiveCfg = Debug|Any CPU
		{135EC7AB-C230-48F8-82FA-A99B8339F887}.Debug|Any CPU.Build.0 = Debug|Any CPU
		{135EC7AB-C230-48F8-82FA-A99B8339F887}.Release|Any CPU.ActiveCfg = Release|Any CPU
		{135EC7AB-C230-48F8-82FA-A99B8339F887}.Release|Any CPU.Build.0 = Release|Any CPU
	EndGlobalSection
	GlobalSection(SolutionProperties) = preSolution
		HideSolutionNode = FALSE
	EndGlobalSection
	GlobalSection(ExtensibilityGlobals) = postSolution
		SolutionGuid = {FB84E5D1-4C00-460C-938D-CE3023EDED03}
	EndGlobalSection
EndGlobal
